
Microsoft Visual Studio Solution File, Format Version 12.00
# Visual Studio Version 17
VisualStudioVersion = 17.3.32929.385
MinimumVisualStudioVersion = 10.0.40219.1
Project("{FAE04EC0-301F-11D3-BF4B-00C04F79EFBC}") = "Metoder inllämningsuppgift 6.8", "Metoder inllämningsuppgift 6.8\Metoder inllämningsuppgift 6.8.csproj", "{62637377-E00C-4446-9240-AAECE1BC5AB8}"
EndProject
Global
	GlobalSection(SolutionConfigurationPlatforms) = preSolution
		Debug|Any CPU = Debug|Any CPU
		Release|Any CPU = Release|Any CPU
	EndGlobalSection
	GlobalSection(ProjectConfigurationPlatforms) = postSolution
		{62637377-E00C-4446-9240-AAECE1BC5AB8}.Debug|Any CPU.ActiveCfg = Debug|Any CPU
		{62637377-E00C-4446-9240-AAECE1BC5AB8}.Debug|Any CPU.Build.0 = Debug|Any CPU
		{62637377-E00C-4446-9240-AAECE1BC5AB8}.Release|Any CPU.ActiveCfg = Release|Any CPU
		{62637377-E00C-4446-9240-AAECE1BC5AB8}.Release|Any CPU.Build.0 = Release|Any CPU
	EndGlobalSection
	GlobalSection(SolutionProperties) = preSolution
		HideSolutionNode = FALSE
	EndGlobalSection
	GlobalSection(ExtensibilityGlobals) = postSolution
		SolutionGuid = {536954CB-58FA-4B9A-8033-70547B7F6CF7}
	EndGlobalSection
EndGlobal
